Microsoft Visual Studio Solution File, Format Version 12.00
# Visual Studio 15
VisualStudioVersion = 15.0.27130.2010
MinimumVisualStudioVersion = 10.0.40219.1
Project("{FAE04EC0-301F-11D3-BF4B-00C04F79EFBC}") = "Addresses.Addresses.DatabaseContext", "Addresses.Addresses.DatabaseContext\Addresses.Addresses.DatabaseContext.csproj", "{56218C8B-5621-8C8B-5621-8C8B56218C8B}"
EndProject
Global
	GlobalSection(SolutionConfigurationPlatforms) = preSolution
		Debug|Any CPU = Debug|Any CPU
		Release|Any CPU = Release|Any CPU
	EndGlobalSection
	GlobalSection(ProjectConfigurationPlatforms) = postSolution
		{56218C8B-5621-8C8B-5621-8C8B56218C8B}.Debug|Any CPU.ActiveCfg = Debug|Any CPU
		{56218C8B-5621-8C8B-5621-8C8B56218C8B}.Debug|Any CPU.Build.0 = Debug|Any CPU
		{56218C8B-5621-8C8B-5621-8C8B56218C8B}.Release|Any CPU.ActiveCfg = Release|Any CPU
		{56218C8B-5621-8C8B-5621-8C8B56218C8B}.Release|Any CPU.Build.0 = Release|Any CPU
	EndGlobalSection
	GlobalSection(SolutionProperties) = preSolution
		HideSolutionNode = FALSE
	EndGlobalSection
	GlobalSection(ExtensibilityGlobals) = preSolution
		SolutionGuid = {A79EFCE2-A79E-FCE2-A79E-FCE2A79EFCE2}
	EndGlobalSection
EndGlobal

